<?xml version="1.0" encoding="utf-8"?>
<Project ToolsVersion="4.0" xmlns="http://schemas.microsoft.com/developer/msbuild/2003">
  <ItemGroup>
    <Filter Include="Source Files">
      <UniqueIdentifier>{ca06810f-f6f1-478d-9348-0d06c134bb28}</UniqueIdentifier>
    </Filter>
    <Filter Include="Generated Files">
      <UniqueIdentifier>{03c3a3ae-5061-44f2-bab7-b05556058824}</UniqueIdentifier>
      <SourceControlFiles>False</SourceControlFiles>
    </Filter>
  </ItemGroup>
  <ItemGroup>
    <None Include="SRATL4ps.def" />
  </ItemGroup>
  <ItemGroup>
    <ClCompile Include="SRATL4_i.c">
      <Filter>Generated Files</Filter>
    </ClCompile>
    <ClCompile Include="SRATL4_p.c">
      <Filter>Generated Files</Filter>
    </ClCompile>
    <ClCompile Include="dlldata.c">
      <Filter>Generated Files</Filter>
    </ClCompile>
  </ItemGroup>
</Project>